
Microsoft Visual Studio Solution File, Format Version 12.00
# Visual Studio Version 17
VisualStudioVersion = 17.4.33205.214
MinimumVisualStudioVersion = 10.0.40219.1
Project("{F184B08F-C81C-45F6-A57F-5ABD9991F28F}") = "editRegistry", "editRegistry.vbproj", "{FAD7D794-2E53-4718-B3F0-2D6F18B73E7C}"
EndProject
Global
	GlobalSection(SolutionConfigurationPlatforms) = preSolution
		Debug|Any CPU = Debug|Any CPU
		Release|Any CPU = Release|Any CPU
	EndGlobalSection
	GlobalSection(ProjectConfigurationPlatforms) = postSolution
		{FAD7D794-2E53-4718-B3F0-2D6F18B73E7C}.Debug|Any CPU.ActiveCfg = Debug|Any CPU
		{FAD7D794-2E53-4718-B3F0-2D6F18B73E7C}.Debug|Any CPU.Build.0 = Debug|Any CPU
		{FAD7D794-2E53-4718-B3F0-2D6F18B73E7C}.Release|Any CPU.ActiveCfg = Release|Any CPU
		{FAD7D794-2E53-4718-B3F0-2D6F18B73E7C}.Release|Any CPU.Build.0 = Release|Any CPU
	EndGlobalSection
	GlobalSection(SolutionProperties) = preSolution
		HideSolutionNode = FALSE
	EndGlobalSection
	GlobalSection(ExtensibilityGlobals) = postSolution
		SolutionGuid = {4AFB7FCE-3FB6-4924-A7EA-1FC557AD6E04}
	EndGlobalSection
EndGlobal
